
Microsoft Visual Studio Solution File, Format Version 12.00
# Visual Studio Version 17
VisualStudioVersion = 17.6.33801.468
MinimumVisualStudioVersion = 10.0.40219.1
Project("{9A19103F-16F7-4668-BE54-9A1E7A4F7556}") = "NTK.Ecommerce.Domain", "src\NTK.Ecommerce.Domain\NTK.Ecommerce.Domain.csproj", "{554AD327-6DBA-4F8F-96F8-81CE7A0C863F}"
EndProject
Project("{9A19103F-16F7-4668-BE54-9A1E7A4F7556}") = "NTK.Ecommerce.Application", "src\NTK.Ecommerce.Application\NTK.Ecommerce.Application.csproj", "{1A94A50E-06DC-43C1-80B5-B662820EC3EB}"
EndProject
Project("{9A19103F-16F7-4668-BE54-9A1E7A4F7556}") = "NTK.Ecommerce.EntityFrameworkCore", "src\NTK.Ecommerce.EntityFrameworkCore\NTK.Ecommerce.EntityFrameworkCore.csproj", "{C956DD76-69C8-4A9C-83EA-D17DF83340FD}"
EndProject
Project("{2150E333-8FDC-42A3-9474-1A3956D46DE8}") = "src", "src", "{CA9AC87F-097E-4F15-8393-4BC07735A5B0}"
EndProject
Project("{2150E333-8FDC-42A3-9474-1A3956D46DE8}") = "test", "test", "{04DBDB01-70F4-4E06-B468-8F87850B22BE}"
EndProject
Project("{9A19103F-16F7-4668-BE54-9A1E7A4F7556}") = "NTK.Ecommerce.Application.Tests", "test\NTK.Ecommerce.Application.Tests\NTK.Ecommerce.Application.Tests.csproj", "{50B2631D-129C-47B3-A587-029CCD6099BC}"
EndProject
Project("{9A19103F-16F7-4668-BE54-9A1E7A4F7556}") = "NTK.Ecommerce.Domain.Shared", "src\NTK.Ecommerce.Domain.Shared\NTK.Ecommerce.Domain.Shared.csproj", "{42F719ED-8413-4895-B5B4-5AB56079BC66}"
EndProject
Project("{9A19103F-16F7-4668-BE54-9A1E7A4F7556}") = "NTK.Ecommerce.Application.Contracts", "src\NTK.Ecommerce.Application.Contracts\NTK.Ecommerce.Application.Contracts.csproj", "{520659C8-C734-4298-A3DA-B539DB9DFC0B}"
EndProject
Project("{9A19103F-16F7-4668-BE54-9A1E7A4F7556}") = "NTK.Ecommerce.HttpApi", "src\NTK.Ecommerce.HttpApi\NTK.Ecommerce.HttpApi.csproj", "{4164BDF7-F527-4E85-9CE6-E3C2D7426A27}"
EndProject
Project("{9A19103F-16F7-4668-BE54-9A1E7A4F7556}") = "NTK.Ecommerce.HttpApi.Client", "src\NTK.Ecommerce.HttpApi.Client\NTK.Ecommerce.HttpApi.Client.csproj", "{3B5A0094-670D-4BB1-BFDD-61B88A8773DC}"
EndProject
Project("{9A19103F-16F7-4668-BE54-9A1E7A4F7556}") = "NTK.Ecommerce.AuthServer", "src\NTK.Ecommerce.AuthServer\NTK.Ecommerce.AuthServer.csproj", "{073C361E-B8F4-49F5-93CC-72A3FF49C026}"
EndProject
Project("{9A19103F-16F7-4668-BE54-9A1E7A4F7556}") = "NTK.Ecommerce.HttpApi.Host", "src\NTK.Ecommerce.HttpApi.Host\NTK.Ecommerce.HttpApi.Host.csproj", "{E6D5BF0E-DE92-4D82-A352-EF04B37CB11C}"
EndProject
Project("{9A19103F-16F7-4668-BE54-9A1E7A4F7556}") = "NTK.Ecommerce.EntityFrameworkCore.Tests", "test\NTK.Ecommerce.EntityFrameworkCore.Tests\NTK.Ecommerce.EntityFrameworkCore.Tests.csproj", "{1FE30EB9-74A9-47F5-A9F6-7B1FAB672D81}"
EndProject
Project("{9A19103F-16F7-4668-BE54-9A1E7A4F7556}") = "NTK.Ecommerce.TestBase", "test\NTK.Ecommerce.TestBase\NTK.Ecommerce.TestBase.csproj", "{91853F21-9CD9-4132-BC29-A7D5D84FFFE7}"
EndProject
Project("{9A19103F-16F7-4668-BE54-9A1E7A4F7556}") = "NTK.Ecommerce.Domain.Tests", "test\NTK.Ecommerce.Domain.Tests\NTK.Ecommerce.Domain.Tests.csproj", "{E512F4D9-9375-480F-A2F6-A46509F9D824}"
EndProject
Project("{9A19103F-16F7-4668-BE54-9A1E7A4F7556}") = "NTK.Ecommerce.HttpApi.Client.ConsoleTestApp", "test\NTK.Ecommerce.HttpApi.Client.ConsoleTestApp\NTK.Ecommerce.HttpApi.Client.ConsoleTestApp.csproj", "{EF480016-9127-4916-8735-D2466BDBC582}"
EndProject
Project("{9A19103F-16F7-4668-BE54-9A1E7A4F7556}") = "NTK.Ecommerce.DbMigrator", "src\NTK.Ecommerce.DbMigrator\NTK.Ecommerce.DbMigrator.csproj", "{AA94D832-1CCC-4715-95A9-A483F23A1A5D}"
EndProject
Project("{2150E333-8FDC-42A3-9474-1A3956D46DE8}") = "auth", "auth", "{71B272C4-8374-4AD7-96C1-59E5F5BD3F7C}"
EndProject
Project("{2150E333-8FDC-42A3-9474-1A3956D46DE8}") = "common", "common", "{646A2A7E-792D-4ABC-BF97-A8968D770C1D}"
EndProject
Project("{2150E333-8FDC-42A3-9474-1A3956D46DE8}") = "donmain", "donmain", "{C33523C3-ABBB-474B-925C-3D873FE92E5F}"
EndProject
Project("{2150E333-8FDC-42A3-9474-1A3956D46DE8}") = "infastructure", "infastructure", "{85C29C64-84B6-4C97-96D1-12C6589AE813}"
EndProject
Project("{2150E333-8FDC-42A3-9474-1A3956D46DE8}") = "public", "public", "{1126BA53-B34D-4D8E-8621-F2246F65CB60}"
EndProject
Project("{2150E333-8FDC-42A3-9474-1A3956D46DE8}") = "admin", "admin", "{AF239EBD-0417-47EB-A8CA-08E9BEC73BF2}"
EndProject
Project("{9A19103F-16F7-4668-BE54-9A1E7A4F7556}") = "NTK.Ecommerce.Admin.Application", "src\NTK.Ecommerce.Admin.Application\NTK.Ecommerce.Admin.Application.csproj", "{203D527E-8CE0-46F7-8234-FEDB658F344A}"
EndProject
Project("{9A19103F-16F7-4668-BE54-9A1E7A4F7556}") = "NTK.Ecommerce.Admin.Application.Contracts", "src\NTK.Ecommerce.Admin.Application.Contracts\NTK.Ecommerce.Admin.Application.Contracts.csproj", "{DA6DC0E0-C605-48DC-8E8D-5A832C912F2A}"
EndProject
Project("{9A19103F-16F7-4668-BE54-9A1E7A4F7556}") = "NTK.Ecommerce.Admin.HttpApi", "src\NTK.Ecommerce.Admin.HttpApi\NTK.Ecommerce.Admin.HttpApi.csproj", "{C03CF589-E768-4020-83C8-DB33A2FBD974}"
EndProject
Project("{9A19103F-16F7-4668-BE54-9A1E7A4F7556}") = "NTK.Ecommerce.Admin.HttpApi.Client", "src\NTK.Ecommerce.Admin.HttpApi.Client\NTK.Ecommerce.Admin.HttpApi.Client.csproj", "{949EE9A0-D991-4FC1-913B-B8AF26ABC719}"
EndProject
Project("{9A19103F-16F7-4668-BE54-9A1E7A4F7556}") = "NTK.Ecommerce.Admin.HttpApi.Host", "src\NTK.Ecommerce.Admin.HttpApi.Host\NTK.Ecommerce.Admin.HttpApi.Host.csproj", "{F99B9456-273F-4071-AAD8-5818F77A6EB5}"
EndProject
Project("{2150E333-8FDC-42A3-9474-1A3956D46DE8}") = "public", "public", "{47515596-BC5F-4C8F-8970-89EE401032C7}"
EndProject
Project("{2150E333-8FDC-42A3-9474-1A3956D46DE8}") = "admin", "admin", "{382D24FE-B7A1-4038-8D85-E46D4D676E52}"
EndProject
Project("{2150E333-8FDC-42A3-9474-1A3956D46DE8}") = "shared", "shared", "{498F5EB0-7B22-41DF-BD26-9C5B46F8F0B1}"
EndProject
Project("{9A19103F-16F7-4668-BE54-9A1E7A4F7556}") = "NTK.Ecommerce.Admin.Application.Tests", "test\NTK.Ecommerce.Admin.Application.Tests\NTK.Ecommerce.Admin.Application.Tests.csproj", "{BC8D418F-CFEA-42E8-848F-C7DBCBD7F8D2}"
EndProject
Project("{9A19103F-16F7-4668-BE54-9A1E7A4F7556}") = "NTK.Ecommerce.Admin.HttpApi.Client.ConsoleTestApp", "test\NTK.Ecommerce.Admin.HttpApi.Client.ConsoleTestApp\NTK.Ecommerce.Admin.HttpApi.Client.ConsoleTestApp.csproj", "{F6387329-5870-4C52-9001-8BBCB86B26A5}"
EndProject
Global
	GlobalSection(SolutionConfigurationPlatforms) = preSolution
		Debug|Any CPU = Debug|Any CPU
		Release|Any CPU = Release|Any CPU
	EndGlobalSection
	GlobalSection(ProjectConfigurationPlatforms) = postSolution
		{554AD327-6DBA-4F8F-96F8-81CE7A0C863F}.Debug|Any CPU.ActiveCfg = Debug|Any CPU
		{554AD327-6DBA-4F8F-96F8-81CE7A0C863F}.Debug|Any CPU.Build.0 = Debug|Any CPU
		{554AD327-6DBA-4F8F-96F8-81CE7A0C863F}.Release|Any CPU.ActiveCfg = Release|Any CPU
		{554AD327-6DBA-4F8F-96F8-81CE7A0C863F}.Release|Any CPU.Build.0 = Release|Any CPU
		{1A94A50E-06DC-43C1-80B5-B662820EC3EB}.Debug|Any CPU.ActiveCfg = Debug|Any CPU
		{1A94A50E-06DC-43C1-80B5-B662820EC3EB}.Debug|Any CPU.Build.0 = Debug|Any CPU
		{1A94A50E-06DC-43C1-80B5-B662820EC3EB}.Release|Any CPU.ActiveCfg = Release|Any CPU
		{1A94A50E-06DC-43C1-80B5-B662820EC3EB}.Release|Any CPU.Build.0 = Release|Any CPU
		{C956DD76-69C8-4A9C-83EA-D17DF83340FD}.Debug|Any CPU.ActiveCfg = Debug|Any CPU
		{C956DD76-69C8-4A9C-83EA-D17DF83340FD}.Debug|Any CPU.Build.0 = Debug|Any CPU
		{C956DD76-69C8-4A9C-83EA-D17DF83340FD}.Release|Any CPU.ActiveCfg = Release|Any CPU
		{C956DD76-69C8-4A9C-83EA-D17DF83340FD}.Release|Any CPU.Build.0 = Release|Any CPU
		{50B2631D-129C-47B3-A587-029CCD6099BC}.Debug|Any CPU.ActiveCfg = Debug|Any CPU
		{50B2631D-129C-47B3-A587-029CCD6099BC}.Debug|Any CPU.Build.0 = Debug|Any CPU
		{50B2631D-129C-47B3-A587-029CCD6099BC}.Release|Any CPU.ActiveCfg = Release|Any CPU
		{50B2631D-129C-47B3-A587-029CCD6099BC}.Release|Any CPU.Build.0 = Release|Any CPU
		{42F719ED-8413-4895-B5B4-5AB56079BC66}.Debug|Any CPU.ActiveCfg = Debug|Any CPU
		{42F719ED-8413-4895-B5B4-5AB56079BC66}.Debug|Any CPU.Build.0 = Debug|Any CPU
		{42F719ED-8413-4895-B5B4-5AB56079BC66}.Release|Any CPU.ActiveCfg = Release|Any CPU
		{42F719ED-8413-4895-B5B4-5AB56079BC66}.Release|Any CPU.Build.0 = Release|Any CPU
		{520659C8-C734-4298-A3DA-B539DB9DFC0B}.Debug|Any CPU.ActiveCfg = Debug|Any CPU
		{520659C8-C734-4298-A3DA-B539DB9DFC0B}.Debug|Any CPU.Build.0 = Debug|Any CPU
		{520659C8-C734-4298-A3DA-B539DB9DFC0B}.Release|Any CPU.ActiveCfg = Release|Any CPU
		{520659C8-C734-4298-A3DA-B539DB9DFC0B}.Release|Any CPU.Build.0 = Release|Any CPU
		{4164BDF7-F527-4E85-9CE6-E3C2D7426A27}.Debug|Any CPU.ActiveCfg = Debug|Any CPU
		{4164BDF7-F527-4E85-9CE6-E3C2D7426A27}.Debug|Any CPU.Build.0 = Debug|Any CPU
		{4164BDF7-F527-4E85-9CE6-E3C2D7426A27}.Release|Any CPU.ActiveCfg = Release|Any CPU
		{4164BDF7-F527-4E85-9CE6-E3C2D7426A27}.Release|Any CPU.Build.0 = Release|Any CPU
		{3B5A0094-670D-4BB1-BFDD-61B88A8773DC}.Debug|Any CPU.ActiveCfg = Debug|Any CPU
		{3B5A0094-670D-4BB1-BFDD-61B88A8773DC}.Debug|Any CPU.Build.0 = Debug|Any CPU
		{3B5A0094-670D-4BB1-BFDD-61B88A8773DC}.Release|Any CPU.ActiveCfg = Release|Any CPU
		{3B5A0094-670D-4BB1-BFDD-61B88A8773DC}.Release|Any CPU.Build.0 = Release|Any CPU
		{073C361E-B8F4-49F5-93CC-72A3FF49C026}.Debug|Any CPU.ActiveCfg = Debug|Any CPU
		{073C361E-B8F4-49F5-93CC-72A3FF49C026}.Debug|Any CPU.Build.0 = Debug|Any CPU
		{073C361E-B8F4-49F5-93CC-72A3FF49C026}.Release|Any CPU.ActiveCfg = Release|Any CPU
		{073C361E-B8F4-49F5-93CC-72A3FF49C026}.Release|Any CPU.Build.0 = Release|Any CPU
		{E6D5BF0E-DE92-4D82-A352-EF04B37CB11C}.Debug|Any CPU.ActiveCfg = Debug|Any CPU
		{E6D5BF0E-DE92-4D82-A352-EF04B37CB11C}.Debug|Any CPU.Build.0 = Debug|Any CPU
		{E6D5BF0E-DE92-4D82-A352-EF04B37CB11C}.Release|Any CPU.ActiveCfg = Release|Any CPU
		{E6D5BF0E-DE92-4D82-A352-EF04B37CB11C}.Release|Any CPU.Build.0 = Release|Any CPU
		{1FE30EB9-74A9-47F5-A9F6-7B1FAB672D81}.Debug|Any CPU.ActiveCfg = Debug|Any CPU
		{1FE30EB9-74A9-47F5-A9F6-7B1FAB672D81}.Debug|Any CPU.Build.0 = Debug|Any CPU
		{1FE30EB9-74A9-47F5-A9F6-7B1FAB672D81}.Release|Any CPU.ActiveCfg = Release|Any CPU
		{1FE30EB9-74A9-47F5-A9F6-7B1FAB672D81}.Release|Any CPU.Build.0 = Release|Any CPU
		{91853F21-9CD9-4132-BC29-A7D5D84FFFE7}.Debug|Any CPU.ActiveCfg = Debug|Any CPU
		{91853F21-9CD9-4132-BC29-A7D5D84FFFE7}.Debug|Any CPU.Build.0 = Debug|Any CPU
		{91853F21-9CD9-4132-BC29-A7D5D84FFFE7}.Release|Any CPU.ActiveCfg = Release|Any CPU
		{91853F21-9CD9-4132-BC29-A7D5D84FFFE7}.Release|Any CPU.Build.0 = Release|Any CPU
		{E512F4D9-9375-480F-A2F6-A46509F9D824}.Debug|Any CPU.ActiveCfg = Debug|Any CPU
		{E512F4D9-9375-480F-A2F6-A46509F9D824}.Debug|Any CPU.Build.0 = Debug|Any CPU
		{E512F4D9-9375-480F-A2F6-A46509F9D824}.Release|Any CPU.ActiveCfg = Release|Any CPU
		{E512F4D9-9375-480F-A2F6-A46509F9D824}.Release|Any CPU.Build.0 = Release|Any CPU
		{EF480016-9127-4916-8735-D2466BDBC582}.Debug|Any CPU.ActiveCfg = Debug|Any CPU
		{EF480016-9127-4916-8735-D2466BDBC582}.Debug|Any CPU.Build.0 = Debug|Any CPU
		{EF480016-9127-4916-8735-D2466BDBC582}.Release|Any CPU.ActiveCfg = Release|Any CPU
		{EF480016-9127-4916-8735-D2466BDBC582}.Release|Any CPU.Build.0 = Release|Any CPU
		{AA94D832-1CCC-4715-95A9-A483F23A1A5D}.Debug|Any CPU.ActiveCfg = Debug|Any CPU
		{AA94D832-1CCC-4715-95A9-A483F23A1A5D}.Debug|Any CPU.Build.0 = Debug|Any CPU
		{AA94D832-1CCC-4715-95A9-A483F23A1A5D}.Release|Any CPU.ActiveCfg = Release|Any CPU
		{AA94D832-1CCC-4715-95A9-A483F23A1A5D}.Release|Any CPU.Build.0 = Release|Any CPU
		{203D527E-8CE0-46F7-8234-FEDB658F344A}.Debug|Any CPU.ActiveCfg = Debug|Any CPU
		{203D527E-8CE0-46F7-8234-FEDB658F344A}.Debug|Any CPU.Build.0 = Debug|Any CPU
		{203D527E-8CE0-46F7-8234-FEDB658F344A}.Release|Any CPU.ActiveCfg = Release|Any CPU
		{203D527E-8CE0-46F7-8234-FEDB658F344A}.Release|Any CPU.Build.0 = Release|Any CPU
		{DA6DC0E0-C605-48DC-8E8D-5A832C912F2A}.Debug|Any CPU.ActiveCfg = Debug|Any CPU
		{DA6DC0E0-C605-48DC-8E8D-5A832C912F2A}.Debug|Any CPU.Build.0 = Debug|Any CPU
		{DA6DC0E0-C605-48DC-8E8D-5A832C912F2A}.Release|Any CPU.ActiveCfg = Release|Any CPU
		{DA6DC0E0-C605-48DC-8E8D-5A832C912F2A}.Release|Any CPU.Build.0 = Release|Any CPU
		{C03CF589-E768-4020-83C8-DB33A2FBD974}.Debug|Any CPU.ActiveCfg = Debug|Any CPU
		{C03CF589-E768-4020-83C8-DB33A2FBD974}.Debug|Any CPU.Build.0 = Debug|Any CPU
		{C03CF589-E768-4020-83C8-DB33A2FBD974}.Release|Any CPU.ActiveCfg = Release|Any CPU
		{C03CF589-E768-4020-83C8-DB33A2FBD974}.Release|Any CPU.Build.0 = Release|Any CPU
		{949EE9A0-D991-4FC1-913B-B8AF26ABC719}.Debug|Any CPU.ActiveCfg = Debug|Any CPU
		{949EE9A0-D991-4FC1-913B-B8AF26ABC719}.Debug|Any CPU.Build.0 = Debug|Any CPU
		{949EE9A0-D991-4FC1-913B-B8AF26ABC719}.Release|Any CPU.ActiveCfg = Release|Any CPU
		{949EE9A0-D991-4FC1-913B-B8AF26ABC719}.Release|Any CPU.Build.0 = Release|Any CPU
		{F99B9456-273F-4071-AAD8-5818F77A6EB5}.Debug|Any CPU.ActiveCfg = Debug|Any CPU
		{F99B9456-273F-4071-AAD8-5818F77A6EB5}.Debug|Any CPU.Build.0 = Debug|Any CPU
		{F99B9456-273F-4071-AAD8-5818F77A6EB5}.Release|Any CPU.ActiveCfg = Release|Any CPU
		{F99B9456-273F-4071-AAD8-5818F77A6EB5}.Release|Any CPU.Build.0 = Release|Any CPU
		{BC8D418F-CFEA-42E8-848F-C7DBCBD7F8D2}.Debug|Any CPU.ActiveCfg = Debug|Any CPU
		{BC8D418F-CFEA-42E8-848F-C7DBCBD7F8D2}.Debug|Any CPU.Build.0 = Debug|Any CPU
		{BC8D418F-CFEA-42E8-848F-C7DBCBD7F8D2}.Release|Any CPU.ActiveCfg = Release|Any CPU
		{BC8D418F-CFEA-42E8-848F-C7DBCBD7F8D2}.Release|Any CPU.Build.0 = Release|Any CPU
		{F6387329-5870-4C52-9001-8BBCB86B26A5}.Debug|Any CPU.ActiveCfg = Debug|Any CPU
		{F6387329-5870-4C52-9001-8BBCB86B26A5}.Debug|Any CPU.Build.0 = Debug|Any CPU
		{F6387329-5870-4C52-9001-8BBCB86B26A5}.Release|Any CPU.ActiveCfg = Release|Any CPU
		{F6387329-5870-4C52-9001-8BBCB86B26A5}.Release|Any CPU.Build.0 = Release|Any CPU
	EndGlobalSection
	GlobalSection(SolutionProperties) = preSolution
		HideSolutionNode = FALSE
	EndGlobalSection
	GlobalSection(NestedProjects) = preSolution
		{554AD327-6DBA-4F8F-96F8-81CE7A0C863F} = {C33523C3-ABBB-474B-925C-3D873FE92E5F}
		{1A94A50E-06DC-43C1-80B5-B662820EC3EB} = {1126BA53-B34D-4D8E-8621-F2246F65CB60}
		{C956DD76-69C8-4A9C-83EA-D17DF83340FD} = {85C29C64-84B6-4C97-96D1-12C6589AE813}
		{50B2631D-129C-47B3-A587-029CCD6099BC} = {47515596-BC5F-4C8F-8970-89EE401032C7}
		{42F719ED-8413-4895-B5B4-5AB56079BC66} = {C33523C3-ABBB-474B-925C-3D873FE92E5F}
		{520659C8-C734-4298-A3DA-B539DB9DFC0B} = {1126BA53-B34D-4D8E-8621-F2246F65CB60}
		{4164BDF7-F527-4E85-9CE6-E3C2D7426A27} = {1126BA53-B34D-4D8E-8621-F2246F65CB60}
		{3B5A0094-670D-4BB1-BFDD-61B88A8773DC} = {1126BA53-B34D-4D8E-8621-F2246F65CB60}
		{073C361E-B8F4-49F5-93CC-72A3FF49C026} = {71B272C4-8374-4AD7-96C1-59E5F5BD3F7C}
		{E6D5BF0E-DE92-4D82-A352-EF04B37CB11C} = {1126BA53-B34D-4D8E-8621-F2246F65CB60}
		{1FE30EB9-74A9-47F5-A9F6-7B1FAB672D81} = {498F5EB0-7B22-41DF-BD26-9C5B46F8F0B1}
		{91853F21-9CD9-4132-BC29-A7D5D84FFFE7} = {498F5EB0-7B22-41DF-BD26-9C5B46F8F0B1}
		{E512F4D9-9375-480F-A2F6-A46509F9D824} = {498F5EB0-7B22-41DF-BD26-9C5B46F8F0B1}
		{EF480016-9127-4916-8735-D2466BDBC582} = {47515596-BC5F-4C8F-8970-89EE401032C7}
		{AA94D832-1CCC-4715-95A9-A483F23A1A5D} = {85C29C64-84B6-4C97-96D1-12C6589AE813}
		{71B272C4-8374-4AD7-96C1-59E5F5BD3F7C} = {CA9AC87F-097E-4F15-8393-4BC07735A5B0}
		{646A2A7E-792D-4ABC-BF97-A8968D770C1D} = {CA9AC87F-097E-4F15-8393-4BC07735A5B0}
		{C33523C3-ABBB-474B-925C-3D873FE92E5F} = {646A2A7E-792D-4ABC-BF97-A8968D770C1D}
		{85C29C64-84B6-4C97-96D1-12C6589AE813} = {646A2A7E-792D-4ABC-BF97-A8968D770C1D}
		{1126BA53-B34D-4D8E-8621-F2246F65CB60} = {CA9AC87F-097E-4F15-8393-4BC07735A5B0}
		{AF239EBD-0417-47EB-A8CA-08E9BEC73BF2} = {CA9AC87F-097E-4F15-8393-4BC07735A5B0}
		{203D527E-8CE0-46F7-8234-FEDB658F344A} = {AF239EBD-0417-47EB-A8CA-08E9BEC73BF2}
		{DA6DC0E0-C605-48DC-8E8D-5A832C912F2A} = {AF239EBD-0417-47EB-A8CA-08E9BEC73BF2}
		{C03CF589-E768-4020-83C8-DB33A2FBD974} = {AF239EBD-0417-47EB-A8CA-08E9BEC73BF2}
		{949EE9A0-D991-4FC1-913B-B8AF26ABC719} = {AF239EBD-0417-47EB-A8CA-08E9BEC73BF2}
		{F99B9456-273F-4071-AAD8-5818F77A6EB5} = {AF239EBD-0417-47EB-A8CA-08E9BEC73BF2}
		{47515596-BC5F-4C8F-8970-89EE401032C7} = {04DBDB01-70F4-4E06-B468-8F87850B22BE}
		{382D24FE-B7A1-4038-8D85-E46D4D676E52} = {04DBDB01-70F4-4E06-B468-8F87850B22BE}
		{498F5EB0-7B22-41DF-BD26-9C5B46F8F0B1} = {04DBDB01-70F4-4E06-B468-8F87850B22BE}
		{BC8D418F-CFEA-42E8-848F-C7DBCBD7F8D2} = {382D24FE-B7A1-4038-8D85-E46D4D676E52}
		{F6387329-5870-4C52-9001-8BBCB86B26A5} = {382D24FE-B7A1-4038-8D85-E46D4D676E52}
	EndGlobalSection
	GlobalSection(ExtensibilityGlobals) = postSolution
		SolutionGuid = {28315BFD-90E7-4E14-A2EA-F3D23AF4126F}
	EndGlobalSection
EndGlobal
